
Microsoft Visual Studio Solution File, Format Version 12.00
# Visual Studio Version 17
VisualStudioVersion = 17.0.31903.59
MinimumVisualStudioVersion = 10.0.40219.1
Project("{FAE04EC0-301F-11D3-BF4B-00C04F79EFBC}") = "TicTacToe.Api", "TicTacToe.Api\TicTacToe.Api.csproj", "{BA3C02AA-899B-42DC-BA6E-FDC69B836BF7}"
EndProject
Project("{FAE04EC0-301F-11D3-BF4B-00C04F79EFBC}") = "TicTacToe.Application", "TicTacToe.Application\TicTacToe.Application.csproj", "{B4A8B373-D621-47BD-8D99-CECA15627A8F}"
EndProject
Project("{FAE04EC0-301F-11D3-BF4B-00C04F79EFBC}") = "TicTacToe.Data", "TicTacToe.Data\TicTacToe.Data.csproj", "{9CDCDFAD-20BE-4371-91FA-9FB1494E746A}"
EndProject
Project("{FAE04EC0-301F-11D3-BF4B-00C04F79EFBC}") = "TicTacToe.Domain", "TicTacToe.Domain\TicTacToe.Domain.csproj", "{DE6E41E1-981E-4791-905F-030C7AA6BE43}"
EndProject
Project("{FAE04EC0-301F-11D3-BF4B-00C04F79EFBC}") = "TicTacToe.DTO", "TicTacToe.DTO\TicTacToe.DTO.csproj", "{08DF179D-FD95-4FC5-BEBA-8E2EFA0B6349}"
EndProject
Project("{FAE04EC0-301F-11D3-BF4B-00C04F79EFBC}") = "TicTacToe.Validation", "TicTacToe.Validation\TicTacToe.Validation.csproj", "{8185130C-2A0C-4192-B11A-5780B3E5B85F}"
EndProject
Project("{FAE04EC0-301F-11D3-BF4B-00C04F79EFBC}") = "TicTacToe.Contracts", "TicTacToe.Contracts\TicTacToe.Contracts.csproj", "{EAF87454-D85F-44E5-AFD3-C09470B90470}"
EndProject
Global
	GlobalSection(SolutionConfigurationPlatforms) = preSolution
		Debug|Any CPU = Debug|Any CPU
		Release|Any CPU = Release|Any CPU
	EndGlobalSection
	GlobalSection(SolutionProperties) = preSolution
		HideSolutionNode = FALSE
	EndGlobalSection
	GlobalSection(ProjectConfigurationPlatforms) = postSolution
		{BA3C02AA-899B-42DC-BA6E-FDC69B836BF7}.Debug|Any CPU.ActiveCfg = Debug|Any CPU
		{BA3C02AA-899B-42DC-BA6E-FDC69B836BF7}.Debug|Any CPU.Build.0 = Debug|Any CPU
		{BA3C02AA-899B-42DC-BA6E-FDC69B836BF7}.Release|Any CPU.ActiveCfg = Release|Any CPU
		{BA3C02AA-899B-42DC-BA6E-FDC69B836BF7}.Release|Any CPU.Build.0 = Release|Any CPU
		{B4A8B373-D621-47BD-8D99-CECA15627A8F}.Debug|Any CPU.ActiveCfg = Debug|Any CPU
		{B4A8B373-D621-47BD-8D99-CECA15627A8F}.Debug|Any CPU.Build.0 = Debug|Any CPU
		{B4A8B373-D621-47BD-8D99-CECA15627A8F}.Release|Any CPU.ActiveCfg = Release|Any CPU
		{B4A8B373-D621-47BD-8D99-CECA15627A8F}.Release|Any CPU.Build.0 = Release|Any CPU
		{9CDCDFAD-20BE-4371-91FA-9FB1494E746A}.Debug|Any CPU.ActiveCfg = Debug|Any CPU
		{9CDCDFAD-20BE-4371-91FA-9FB1494E746A}.Debug|Any CPU.Build.0 = Debug|Any CPU
		{9CDCDFAD-20BE-4371-91FA-9FB1494E746A}.Release|Any CPU.ActiveCfg = Release|Any CPU
		{9CDCDFAD-20BE-4371-91FA-9FB1494E746A}.Release|Any CPU.Build.0 = Release|Any CPU
		{DE6E41E1-981E-4791-905F-030C7AA6BE43}.Debug|Any CPU.ActiveCfg = Debug|Any CPU
		{DE6E41E1-981E-4791-905F-030C7AA6BE43}.Debug|Any CPU.Build.0 = Debug|Any CPU
		{DE6E41E1-981E-4791-905F-030C7AA6BE43}.Release|Any CPU.ActiveCfg = Release|Any CPU
		{DE6E41E1-981E-4791-905F-030C7AA6BE43}.Release|Any CPU.Build.0 = Release|Any CPU
		{08DF179D-FD95-4FC5-BEBA-8E2EFA0B6349}.Debug|Any CPU.ActiveCfg = Debug|Any CPU
		{08DF179D-FD95-4FC5-BEBA-8E2EFA0B6349}.Debug|Any CPU.Build.0 = Debug|Any CPU
		{08DF179D-FD95-4FC5-BEBA-8E2EFA0B6349}.Release|Any CPU.ActiveCfg = Release|Any CPU
		{08DF179D-FD95-4FC5-BEBA-8E2EFA0B6349}.Release|Any CPU.Build.0 = Release|Any CPU
		{8185130C-2A0C-4192-B11A-5780B3E5B85F}.Debug|Any CPU.ActiveCfg = Debug|Any CPU
		{8185130C-2A0C-4192-B11A-5780B3E5B85F}.Debug|Any CPU.Build.0 = Debug|Any CPU
		{8185130C-2A0C-4192-B11A-5780B3E5B85F}.Release|Any CPU.ActiveCfg = Release|Any CPU
		{8185130C-2A0C-4192-B11A-5780B3E5B85F}.Release|Any CPU.Build.0 = Release|Any CPU
		{EAF87454-D85F-44E5-AFD3-C09470B90470}.Debug|Any CPU.ActiveCfg = Debug|Any CPU
		{EAF87454-D85F-44E5-AFD3-C09470B90470}.Debug|Any CPU.Build.0 = Debug|Any CPU
		{EAF87454-D85F-44E5-AFD3-C09470B90470}.Release|Any CPU.ActiveCfg = Release|Any CPU
		{EAF87454-D85F-44E5-AFD3-C09470B90470}.Release|Any CPU.Build.0 = Release|Any CPU
	EndGlobalSection
EndGlobal
